
Microsoft Visual Studio Solution File, Format Version 12.00
# Visual Studio Version 17
VisualStudioVersion = 17.3.32901.215
MinimumVisualStudioVersion = 10.0.40219.1
Project("{FAE04EC0-301F-11D3-BF4B-00C04F79EFBC}") = "c20221107.02", "c20221107.02.csproj", "{45A17E69-1BE2-4CA9-A5E4-BC492721252B}"
EndProject
Global
	GlobalSection(SolutionConfigurationPlatforms) = preSolution
		Debug|Any CPU = Debug|Any CPU
		Release|Any CPU = Release|Any CPU
	EndGlobalSection
	GlobalSection(ProjectConfigurationPlatforms) = postSolution
		{45A17E69-1BE2-4CA9-A5E4-BC492721252B}.Debug|Any CPU.ActiveCfg = Debug|Any CPU
		{45A17E69-1BE2-4CA9-A5E4-BC492721252B}.Debug|Any CPU.Build.0 = Debug|Any CPU
		{45A17E69-1BE2-4CA9-A5E4-BC492721252B}.Release|Any CPU.ActiveCfg = Release|Any CPU
		{45A17E69-1BE2-4CA9-A5E4-BC492721252B}.Release|Any CPU.Build.0 = Release|Any CPU
	EndGlobalSection
	GlobalSection(SolutionProperties) = preSolution
		HideSolutionNode = FALSE
	EndGlobalSection
	GlobalSection(ExtensibilityGlobals) = postSolution
		SolutionGuid = {5A80EFDB-E9EA-4BBB-A83C-AB5862AC3705}
	EndGlobalSection
EndGlobal
